
Microsoft Visual Studio Solution File, Format Version 12.00
# Visual Studio 15
Project("{FAE04EC0-301F-11D3-BF4B-00C04F79EFBC}") = "GameAssembly", "GameAssembly.csproj", "{49C89D60-72DD-A7FB-B8DF-27B951C7F84D}"
EndProject
Project("{FAE04EC0-301F-11D3-BF4B-00C04F79EFBC}") = "Tests", "Tests.csproj", "{2C79D0F7-8963-438A-CC6D-06DC758D521A}"
EndProject
Global
	GlobalSection(SolutionConfigurationPlatforms) = preSolution
		Debug|Any CPU = Debug|Any CPU
		Release|Any CPU = Release|Any CPU
	EndGlobalSection
	GlobalSection(ProjectConfigurationPlatforms) = postSolution
		{49C89D60-72DD-A7FB-B8DF-27B951C7F84D}.Debug|Any CPU.ActiveCfg = Debug|Any CPU
		{49C89D60-72DD-A7FB-B8DF-27B951C7F84D}.Debug|Any CPU.Build.0 = Debug|Any CPU
		{49C89D60-72DD-A7FB-B8DF-27B951C7F84D}.Release|Any CPU.ActiveCfg = Release|Any CPU
		{49C89D60-72DD-A7FB-B8DF-27B951C7F84D}.Release|Any CPU.Build.0 = Release|Any CPU
		{2C79D0F7-8963-438A-CC6D-06DC758D521A}.Debug|Any CPU.ActiveCfg = Debug|Any CPU
		{2C79D0F7-8963-438A-CC6D-06DC758D521A}.Debug|Any CPU.Build.0 = Debug|Any CPU
		{2C79D0F7-8963-438A-CC6D-06DC758D521A}.Release|Any CPU.ActiveCfg = Release|Any CPU
		{2C79D0F7-8963-438A-CC6D-06DC758D521A}.Release|Any CPU.Build.0 = Release|Any CPU
	EndGlobalSection
	GlobalSection(SolutionProperties) = preSolution
		HideSolutionNode = FALSE
	EndGlobalSection
EndGlobal
